
Microsoft Visual Studio Solution File, Format Version 12.00
# Visual Studio 15
VisualStudioVersion = 15.0.27703.1
MinimumVisualStudioVersion = 10.0.40219.1
Project("{9A19103F-16F7-4668-BE54-9A1E7A4F7556}") = "MvcCookieAuthSample", "MvcCookieAuthSample\MvcCookieAuthSample.csproj", "{FC59CDAA-0BEC-408B-9937-DEFF983ACE2C}"
EndProject
Project("{9A19103F-16F7-4668-BE54-9A1E7A4F7556}") = "JWTAuthSample1", "JWTAuthSample1\JWTAuthSample1\JWTAuthSample1.csproj", "{6EC570AD-6589-4CD1-BDFF-449529AF123D}"
EndProject
Project("{9A19103F-16F7-4668-BE54-9A1E7A4F7556}") = "JWTAuthSample", "JWTAuthSample\JWTAuthSample\JWTAuthSample.csproj", "{F5DDB3B1-5ACA-43CB-9C99-3F36BC4E672C}"
EndProject
Global
	GlobalSection(SolutionConfigurationPlatforms) = preSolution
		Debug|Any CPU = Debug|Any CPU
		Release|Any CPU = Release|Any CPU
	EndGlobalSection
	GlobalSection(ProjectConfigurationPlatforms) = postSolution
		{FC59CDAA-0BEC-408B-9937-DEFF983ACE2C}.Debug|Any CPU.ActiveCfg = Debug|Any CPU
		{FC59CDAA-0BEC-408B-9937-DEFF983ACE2C}.Debug|Any CPU.Build.0 = Debug|Any CPU
		{FC59CDAA-0BEC-408B-9937-DEFF983ACE2C}.Release|Any CPU.ActiveCfg = Release|Any CPU
		{FC59CDAA-0BEC-408B-9937-DEFF983ACE2C}.Release|Any CPU.Build.0 = Release|Any CPU
		{6EC570AD-6589-4CD1-BDFF-449529AF123D}.Debug|Any CPU.ActiveCfg = Debug|Any CPU
		{6EC570AD-6589-4CD1-BDFF-449529AF123D}.Debug|Any CPU.Build.0 = Debug|Any CPU
		{6EC570AD-6589-4CD1-BDFF-449529AF123D}.Release|Any CPU.ActiveCfg = Release|Any CPU
		{6EC570AD-6589-4CD1-BDFF-449529AF123D}.Release|Any CPU.Build.0 = Release|Any CPU
		{F5DDB3B1-5ACA-43CB-9C99-3F36BC4E672C}.Debug|Any CPU.ActiveCfg = Debug|Any CPU
		{F5DDB3B1-5ACA-43CB-9C99-3F36BC4E672C}.Debug|Any CPU.Build.0 = Debug|Any CPU
		{F5DDB3B1-5ACA-43CB-9C99-3F36BC4E672C}.Release|Any CPU.ActiveCfg = Release|Any CPU
		{F5DDB3B1-5ACA-43CB-9C99-3F36BC4E672C}.Release|Any CPU.Build.0 = Release|Any CPU
	EndGlobalSection
	GlobalSection(SolutionProperties) = preSolution
		HideSolutionNode = FALSE
	EndGlobalSection
	GlobalSection(ExtensibilityGlobals) = postSolution
		SolutionGuid = {7DD9B92D-24A5-49A5-B138-419197369C4D}
	EndGlobalSection
EndGlobal
