
Microsoft Visual Studio Solution File, Format Version 12.00
# Visual Studio 15
VisualStudioVersion = 15.0.27703.1
MinimumVisualStudioVersion = 10.0.40219.1
Project("{FAE04EC0-301F-11D3-BF4B-00C04F79EFBC}") = "Medlware", "Medlware\Medlware.csproj", "{AE08F835-E2BF-4DFB-AEF1-005ABBDDA094}"
EndProject
Global
	GlobalSection(SolutionConfigurationPlatforms) = preSolution
		Debug|Any CPU = Debug|Any CPU
		Release|Any CPU = Release|Any CPU
	EndGlobalSection
	GlobalSection(ProjectConfigurationPlatforms) = postSolution
		{AE08F835-E2BF-4DFB-AEF1-005ABBDDA094}.Debug|Any CPU.ActiveCfg = Debug|Any CPU
		{AE08F835-E2BF-4DFB-AEF1-005ABBDDA094}.Debug|Any CPU.Build.0 = Debug|Any CPU
		{AE08F835-E2BF-4DFB-AEF1-005ABBDDA094}.Release|Any CPU.ActiveCfg = Release|Any CPU
		{AE08F835-E2BF-4DFB-AEF1-005ABBDDA094}.Release|Any CPU.Build.0 = Release|Any CPU
	EndGlobalSection
	GlobalSection(SolutionProperties) = preSolution
		HideSolutionNode = FALSE
	EndGlobalSection
	GlobalSection(ExtensibilityGlobals) = postSolution
		SolutionGuid = {5397EC8A-11CA-47F9-8DC1-0484E44F33E7}
	EndGlobalSection
EndGlobal
